
Microsoft Visual Studio Solution File, Format Version 12.00
# Visual Studio Version 17
VisualStudioVersion = 17.5.002.0
MinimumVisualStudioVersion = 10.0.40219.1
Project("{9A19103F-16F7-4668-BE54-9A1E7A4F7556}") = "TP1_POO", "TP1_POO.csproj", "{FBAF408D-4857-48EF-A986-4C03CD953CEB}"
EndProject
Global
	GlobalSection(SolutionConfigurationPlatforms) = preSolution
		Debug|Any CPU = Debug|Any CPU
		Release|Any CPU = Release|Any CPU
	EndGlobalSection
	GlobalSection(ProjectConfigurationPlatforms) = postSolution
		{FBAF408D-4857-48EF-A986-4C03CD953CEB}.Debug|Any CPU.ActiveCfg = Debug|Any CPU
		{FBAF408D-4857-48EF-A986-4C03CD953CEB}.Debug|Any CPU.Build.0 = Debug|Any CPU
		{FBAF408D-4857-48EF-A986-4C03CD953CEB}.Release|Any CPU.ActiveCfg = Release|Any CPU
		{FBAF408D-4857-48EF-A986-4C03CD953CEB}.Release|Any CPU.Build.0 = Release|Any CPU
	EndGlobalSection
	GlobalSection(SolutionProperties) = preSolution
		HideSolutionNode = FALSE
	EndGlobalSection
	GlobalSection(ExtensibilityGlobals) = postSolution
		SolutionGuid = {19A0A6A8-1680-4D86-9314-1C7440A9E3F5}
	EndGlobalSection
EndGlobal
